
Microsoft Visual Studio Solution File, Format Version 12.00
# Visual Studio Version 17
VisualStudioVersion = 17.1.32328.378
MinimumVisualStudioVersion = 10.0.40219.1
Project("{FAE04EC0-301F-11D3-BF4B-00C04F79EFBC}") = "RevitAPI_FinalLab", "RevitAPI_FinalLab\RevitAPI_FinalLab.csproj", "{B71A5378-D9E0-4763-9E83-168937FC5465}"
EndProject
Global
	GlobalSection(SolutionConfigurationPlatforms) = preSolution
		Debug|Any CPU = Debug|Any CPU
		Release|Any CPU = Release|Any CPU
	EndGlobalSection
	GlobalSection(ProjectConfigurationPlatforms) = postSolution
		{B71A5378-D9E0-4763-9E83-168937FC5465}.Debug|Any CPU.ActiveCfg = Debug|Any CPU
		{B71A5378-D9E0-4763-9E83-168937FC5465}.Debug|Any CPU.Build.0 = Debug|Any CPU
		{B71A5378-D9E0-4763-9E83-168937FC5465}.Release|Any CPU.ActiveCfg = Release|Any CPU
		{B71A5378-D9E0-4763-9E83-168937FC5465}.Release|Any CPU.Build.0 = Release|Any CPU
	EndGlobalSection
	GlobalSection(SolutionProperties) = preSolution
		HideSolutionNode = FALSE
	EndGlobalSection
	GlobalSection(ExtensibilityGlobals) = postSolution
		SolutionGuid = {91126025-5590-4A12-9B2A-86DFC34D0C89}
	EndGlobalSection
EndGlobal
